// !$*UTF8*$!
{
	archiveVersion = 1;
	classes = {
	};
	objectVersion = 46;
	objects = {

/* Begin PBXBuildFile section */
		696E14481C10825D00F64A87 /* main.m in Sources */ = {isa = PBXBuildFile; fileRef = 696E14471C10825D00F64A87 /* main.m */; };
		696E144B1C10825D00F64A87 /* AppDelegate.m in Sources */ = {isa = PBXBuildFile; fileRef = 696E144A1C10825D00F64A87 /* AppDelegate.m */; };
		696E144E1C10825D00F64A87 /* ViewController.m in Sources */ = {isa = PBXBuildFile; fileRef = 696E144D1C10825D00F64A87 /* ViewController.m */; };
		696E14511C10825D00F64A87 /* Main.storyboard in Resources */ = {isa = PBXBuildFile; fileRef = 696E144F1C10825D00F64A87 /* Main.storyboard */; };
		696E14531C10825D00F64A87 /* Assets.xcassets in Resources */ = {isa = PBXBuildFile; fileRef = 696E14521C10825D00F64A87 /* Assets.xcassets */; };
		696E14561C10825D00F64A87 /* LaunchScreen.storyboard in Resources */ = {isa = PBXBuildFile; fileRef = 696E14541C10825D00F64A87 /* LaunchScreen.storyboard */; };
		696E14611C10825D00F64A87 /* TestApp2Tests.m in Sources */ = {isa = PBXBuildFile; fileRef = 696E14601C10825D00F64A87 /* TestApp2Tests.m */; };
		696E146C1C10825D00F64A87 /* TestApp2UITests.m in Sources */ = {isa = PBXBuildFile; fileRef = 696E146B1C10825D00F64A87 /* TestApp2UITests.m */; };
/* End PBXBuildFile section */

/* Begin PBXContainerItemProxy section */
		696E145D1C10825D00F64A87 /* PBXContainerItemProxy */ = {
			isa = PBXContainerItemProxy;
			containerPortal = 696E143B1C10825D00F64A87 /* Project object */;
			proxyType = 1;
			remoteGlobalIDString = 696E14421C10825D00F64A87;
			remoteInfo = TestApp2;
		};
		696E14681C10825D00F64A87 /* PBXContainerItemProxy */ = {
			isa = PBXContainerItemProxy;
			containerPortal = 696E143B1C10825D00F64A87 /* Project object */;
			proxyType = 1;
			remoteGlobalIDString = 696E14421C10825D00F64A87;
			remoteInfo = TestApp2;
		};
/* End PBXContainerItemProxy section */

/* Begin PBXFileReference section */
		696E14431C10825D00F64A87 /* TestApp2.app */ = {isa = PBXFileReference; explicitFileType = wrapper.application; includeInIndex = 0; path = TestApp2.app; sourceTree = BUILT_PRODUCTS_DIR; };
		696E14471C10825D00F64A87 /* main.m */ = {isa = PBXFileReference; lastKnownFileType = sourcecode.c.objc; path = main.m; sourceTree = "<group>"; };
		696E14491C10825D00F64A87 /* AppDelegate.h */ = {isa = PBXFileReference; lastKnownFileType = sourcecode.c.h; path = AppDelegate.h; sourceTree = "<group>"; };
		696E144A1C10825D00F64A87 /* AppDelegate.m */ = {isa = PBXFileReference; lastKnownFileType = sourcecode.c.objc; path = AppDelegate.m; sourceTree = "<group>"; };
		696E144C1C10825D00F64A87 /* ViewController.h */ = {isa = PBXFileReference; lastKnownFileType = sourcecode.c.h; path = ViewController.h; sourceTree = "<group>"; };
		696E144D1C10825D00F64A87 /* ViewController.m */ = {isa = PBXFileReference; lastKnownFileType = sourcecode.c.objc; path = ViewController.m; sourceTree = "<group>"; };
		696E14501C10825D00F64A87 /* Base */ = {isa = PBXFileReference; lastKnownFileType = file.storyboard; name = Base; path = Base.lproj/Main.storyboard; sourceTree = "<group>"; };
		696E14521C10825D00F64A87 /* Assets.xcassets */ = {isa = PBXFileReference; lastKnownFileType = folder.assetcatalog; path = Assets.xcassets; sourceTree = "<group>"; };
		696E14551C10825D00F64A87 /* Base */ = {isa = PBXFileReference; lastKnownFileType = file.storyboard; name = Base; path = Base.lproj/LaunchScreen.storyboard; sourceTree = "<group>"; };
		696E14571C10825D00F64A87 /* Info.plist */ = {isa = PBXFileReference; lastKnownFileType = text.plist.xml; path = Info.plist; sourceTree = "<group>"; };
		696E145C1C10825D00F64A87 /* TestApp2Tests.xctest */ = {isa = PBXFileReference; explicitFileType = wrapper.cfbundle; includeInIndex = 0; path = TestApp2Tests.xctest; sourceTree = BUILT_PRODUCTS_DIR; };
		696E14601C10825D00F64A87 /* TestApp2Tests.m */ = {isa = PBXFileReference; lastKnownFileType = sourcecode.c.objc; path = TestApp2Tests.m; sourceTree = "<group>"; };
		696E14621C10825D00F64A87 /* Info.plist */ = {isa = PBXFileReference; lastKnownFileType = text.plist.xml; path = Info.plist; sourceTree = "<group>"; };
		696E14671C10825D00F64A87 /* TestApp2UITests.xctest */ = {isa = PBXFileReference; explicitFileType = wrapper.cfbundle; includeInIndex = 0; path = TestApp2UITests.xctest; sourceTree = BUILT_PRODUCTS_DIR; };
		696E146B1C10825D00F64A87 /* TestApp2UITests.m */ = {isa = PBXFileReference; lastKnownFileType = sourcecode.c.objc; path = TestApp2UITests.m; sourceTree = "<group>"; };
		696E146D1C10825D00F64A87 /* Info.plist */ = {isa = PBXFileReference; lastKnownFileType = text.plist.xml; path = Info.plist; sourceTree = "<group>"; };
/* End PBXFileReference section */

/* Begin PBXFrameworksBuildPhase section */
		696E14401C10825D00F64A87 /* Frameworks */ = {
			isa = PBXFrameworksBuildPhase;
			buildActionMask = 2147483647;
			files = (
			);
			runOnlyForDeploymentPostprocessing = 0;
		};
		696E14591C10825D00F64A87 /* Frameworks */ = {
			isa = PBXFrameworksBuildPhase;
			buildActionMask = 2147483647;
			files = (
			);
			runOnlyForDeploymentPostprocessing = 0;
		};
		696E14641C10825D00F64A87 /* Frameworks */ = {
			isa = PBXFrameworksBuildPhase;
			buildActionMask = 2147483647;
			files = (
			);
			runOnlyForDeploymentPostprocessing = 0;
		};
/* End PBXFrameworksBuildPhase section */

/* Begin PBXGroup section */
		696E143A1C10825D00F64A87 = {
			isa = PBXGroup;
			children = (
				696E14451C10825D00F64A87 /* TestApp2 */,
				696E145F1C10825D00F64A87 /* TestApp2Tests */,
				696E146A1C10825D00F64A87 /* TestApp2UITests */,
				696E14441C10825D00F64A87 /* Products */,
			);
			sourceTree = "<group>";
		};
		696E14441C10825D00F64A87 /* Products */ = {
			isa = PBXGroup;
			children = (
				696E14431C10825D00F64A87 /* TestApp2.app */,
				696E145C1C10825D00F64A87 /* TestApp2Tests.xctest */,
				696E14671C10825D00F64A87 /* TestApp2UITests.xctest */,
			);
			name = Products;
			sourceTree = "<group>";
		};
		696E14451C10825D00F64A87 /* TestApp2 */ = {
			isa = PBXGroup;
			children = (
				696E14491C10825D00F64A87 /* AppDelegate.h */,
				696E144A1C10825D00F64A87 /* AppDelegate.m */,
				696E144C1C10825D00F64A87 /* ViewController.h */,
				696E144D1C10825D00F64A87 /* ViewController.m */,
				696E144F1C10825D00F64A87 /* Main.storyboard */,
				696E14521C10825D00F64A87 /* Assets.xcassets */,
				696E14541C10825D00F64A87 /* LaunchScreen.storyboard */,
				696E14571C10825D00F64A87 /* Info.plist */,
				696E14461C10825D00F64A87 /* Supporting Files */,
			);
			path = TestApp2;
			sourceTree = "<group>";
		};
		696E14461C10825D00F64A87 /* Supporting Files */ = {
			isa = PBXGroup;
			children = (
				696E14471C10825D00F64A87 /* main.m */,
			);
			name = "Supporting Files";
			sourceTree = "<group>";
		};
		696E145F1C10825D00F64A87 /* TestApp2Tests */ = {
			isa = PBXGroup;
			children = (
				696E14601C10825D00F64A87 /* TestApp2Tests.m */,
				696E14621C10825D00F64A87 /* Info.plist */,
			);
			path = TestApp2Tests;
			sourceTree = "<group>";
		};
		696E146A1C10825D00F64A87 /* TestApp2UITests */ = {
			isa = PBXGroup;
			children = (
				696E146B1C10825D00F64A87 /* TestApp2UITests.m */,
				696E146D1C10825D00F64A87 /* Info.plist */,
			);
			path = TestApp2UITests;
			sourceTree = "<group>";
		};
/* End PBXGroup section */

/* Begin PBXNativeTarget section */
		696E14421C10825D00F64A87 /* TestApp2 */ = {
			isa = PBXNativeTarget;
			buildConfigurationList = 696E14701C10825D00F64A87 /* Build configuration list for PBXNativeTarget "TestApp2" */;
			buildPhases = (
				696E143F1C10825D00F64A87 /* Sources */,
				696E14401C10825D00F64A87 /* Frameworks */,
				696E14411C10825D00F64A87 /* Resources */,
			);
			buildRules = (
			);
			dependencies = (
			);
			name = TestApp2;
			productName = TestApp2;
			productReference = 696E14431C10825D00F64A87 /* TestApp2.app */;
			productType = "com.apple.product-type.application";
		};
		696E145B1C10825D00F64A87 /* TestApp2Tests */ = {
			isa = PBXNativeTarget;
			buildConfigurationList = 696E14731C10825D00F64A87 /* Build configuration list for PBXNativeTarget "TestApp2Tests" */;
			buildPhases = (
				696E14581C10825D00F64A87 /* Sources */,
				696E14591C10825D00F64A87 /* Frameworks */,
				696E145A1C10825D00F64A87 /* Resources */,
			);
			buildRules = (
			);
			dependencies = (
				696E145E1C10825D00F64A87 /* PBXTargetDependency */,
			);
			name = TestApp2Tests;
			productName = TestApp2Tests;
			productReference = 696E145C1C10825D00F64A87 /* TestApp2Tests.xctest */;
			productType = "com.apple.product-type.bundle.unit-test";
		};
		696E14661C10825D00F64A87 /* TestApp2UITests */ = {
			isa = PBXNativeTarget;
			buildConfigurationList = 696E14761C10825D00F64A87 /* Build configuration list for PBXNativeTarget "TestApp2UITests" */;
			buildPhases = (
				696E14631C10825D00F64A87 /* Sources */,
				696E14641C10825D00F64A87 /* Frameworks */,
				696E14651C10825D00F64A87 /* Resources */,
			);
			buildRules = (
			);
			dependencies = (
				696E14691C10825D00F64A87 /* PBXTargetDependency */,
			);
			name = TestApp2UITests;
			productName = TestApp2UITests;
			productReference = 696E14671C10825D00F64A87 /* TestApp2UITests.xctest */;
			productType = "com.apple.product-type.bundle.ui-testing";
		};
/* End PBXNativeTarget section */

/* Begin PBXProject section */
		696E143B1C10825D00F64A87 /* Project object */ = {
			isa = PBXProject;
			attributes = {
				LastUpgradeCheck = 0710;
				ORGANIZATIONNAME = huangyibiao;
				TargetAttributes = {
					696E14421C10825D00F64A87 = {
						CreatedOnToolsVersion = 7.1;
					};
					696E145B1C10825D00F64A87 = {
						CreatedOnToolsVersion = 7.1;
						TestTargetID = 696E14421C10825D00F64A87;
					};
					696E14661C10825D00F64A87 = {
						CreatedOnToolsVersion = 7.1;
						TestTargetID = 696E14421C10825D00F64A87;
					};
				};
			};
			buildConfigurationList = 696E143E1C10825D00F64A87 /* Build configuration list for PBXProject "TestApp2" */;
			compatibilityVersion = "Xcode 3.2";
			developmentRegion = English;
			hasScannedForEncodings = 0;
			knownRegions = (
				en,
				Base,
			);
			mainGroup = 696E143A1C10825D00F64A87;
			productRefGroup = 696E14441C10825D00F64A87 /* Products */;
			projectDirPath = "";
			projectRoot = "";
			targets = (
				696E14421C10825D00F64A87 /* TestApp2 */,
				696E145B1C10825D00F64A87 /* TestApp2Tests */,
				696E14661C10825D00F64A87 /* TestApp2UITests */,
			);
		};
/* End PBXProject section */

/* Begin PBXResourcesBuildPhase section */
		696E14411C10825D00F64A87 /* Resources */ = {
			isa = PBXResourcesBuildPhase;
			buildActionMask = 2147483647;
			files = (
				696E14561C10825D00F64A87 /* LaunchScreen.storyboard in Resources */,
				696E14531C10825D00F64A87 /* Assets.xcassets in Resources */,
				696E14511C10825D00F64A87 /* Main.storyboard in Resources */,
			);
			runOnlyForDeploymentPostprocessing = 0;
		};
		696E145A1C10825D00F64A87 /* Resources */ = {
			isa = PBXResourcesBuildPhase;
			buildActionMask = 2147483647;
			files = (
			);
			runOnlyForDeploymentPostprocessing = 0;
		};
		696E14651C10825D00F64A87 /* Resources */ = {
			isa = PBXResourcesBuildPhase;
			buildActionMask = 2147483647;
			files = (
			);
			runOnlyForDeploymentPostprocessing = 0;
		};
/* End PBXResourcesBuildPhase section */

/* Begin PBXSourcesBuildPhase section */
		696E143F1C10825D00F64A87 /* Sources */ = {
			isa = PBXSourcesBuildPhase;
			buildActionMask = 2147483647;
			files = (
				696E144E1C10825D00F64A87 /* ViewController.m in Sources */,
				696E144B1C10825D00F64A87 /* AppDelegate.m in Sources */,
				696E14481C10825D00F64A87 /* main.m in Sources */,
			);
			runOnlyForDeploymentPostprocessing = 0;
		};
		696E14581C10825D00F64A87 /* Sources */ = {
			isa = PBXSourcesBuildPhase;
			buildActionMask = 2147483647;
			files = (
				696E14611C10825D00F64A87 /* TestApp2Tests.m in Sources */,
			);
			runOnlyForDeploymentPostprocessing = 0;
		};
		696E14631C10825D00F64A87 /* Sources */ = {
			isa = PBXSourcesBuildPhase;
			buildActionMask = 2147483647;
			files = (
				696E146C1C10825D00F64A87 /* TestApp2UITests.m in Sources */,
			);
			runOnlyForDeploymentPostprocessing = 0;
		};
/* End PBXSourcesBuildPhase section */

/* Begin PBXTargetDependency section */
		696E145E1C10825D00F64A87 /* PBXTargetDependency */ = {
			isa = PBXTargetDependency;
			target = 696E14421C10825D00F64A87 /* TestApp2 */;
			targetProxy = 696E145D1C10825D00F64A87 /* PBXContainerItemProxy */;
		};
		696E14691C10825D00F64A87 /* PBXTargetDependency */ = {
			isa = PBXTargetDependency;
			target = 696E14421C10825D00F64A87 /* TestApp2 */;
			targetProxy = 696E14681C10825D00F64A87 /* PBXContainerItemProxy */;
		};
/* End PBXTargetDependency section */

/* Begin PBXVariantGroup section */
		696E144F1C10825D00F64A87 /* Main.storyboard */ = {
			isa = PBXVariantGroup;
			children = (
				696E14501C10825D00F64A87 /* Base */,
			);
			name = Main.storyboard;
			sourceTree = "<group>";
		};
		696E14541C10825D00F64A87 /* LaunchScreen.storyboard */ = {
			isa = PBXVariantGroup;
			children = (
				696E14551C10825D00F64A87 /* Base */,
			);
			name = LaunchScreen.storyboard;
			sourceTree = "<group>";
		};
/* End PBXVariantGroup section */

/* Begin XCBuildConfiguration section */
		696E146E1C10825D00F64A87 /* Debug */ = {
			isa = XCBuildConfiguration;
			buildSettings = {
				ALWAYS_SEARCH_USER_PATHS = NO;
				CLANG_CXX_LANGUAGE_STANDARD = "gnu++0x";
				CLANG_CXX_LIBRARY = "libc++";
				CLANG_ENABLE_MODULES = YES;
				CLANG_ENABLE_OBJC_ARC = YES;
				CLANG_WARN_BOOL_CONVERSION = YES;
				CLANG_WARN_CONSTANT_CONVERSION = YES;
				CLANG_WARN_DIRECT_OBJC_ISA_USAGE = YES_ERROR;
				CLANG_WARN_EMPTY_BODY = YES;
				CLANG_WARN_ENUM_CONVERSION = YES;
				CLANG_WARN_INT_CONVERSION = YES;
				CLANG_WARN_OBJC_ROOT_CLASS = YES_ERROR;
				CLANG_WARN_UNREACHABLE_CODE = YES;
				CLANG_WARN__DUPLICATE_METHOD_MATCH = YES;
				"CODE_SIGN_IDENTITY[sdk=iphoneos*]" = "iPhone Developer";
				COPY_PHASE_STRIP = NO;
				DEBUG_INFORMATION_FORMAT = dwarf;
				ENABLE_STRICT_OBJC_MSGSEND = YES;
				ENABLE_TESTABILITY = YES;
				GCC_C_LANGUAGE_STANDARD = gnu99;
				GCC_DYNAMIC_NO_PIC = NO;
				GCC_NO_COMMON_BLOCKS = YES;
				GCC_OPTIMIZATION_LEVEL = 0;
				GCC_PREPROCESSOR_DEFINITIONS = (
					"DEBUG=1",
					"$(inherited)",
				);
				GCC_WARN_64_TO_32_BIT_CONVERSION = YES;
				GCC_WARN_ABOUT_RETURN_TYPE = YES_ERROR;
				GCC_WARN_UNDECLARED_SELECTOR = YES;
				GCC_WARN_UNINITIALIZED_AUTOS = YES_AGGRESSIVE;
				GCC_WARN_UNUSED_FUNCTION = YES;
				GCC_WARN_UNUSED_VARIABLE = YES;
				IPHONEOS_DEPLOYMENT_TARGET = 9.1;
				MTL_ENABLE_DEBUG_INFO = YES;
				ONLY_ACTIVE_ARCH = YES;
				SDKROOT = iphoneos;
			};
			name = Debug;
		};
		696E146F1C10825D00F64A87 /* Release */ = {
			isa = XCBuildConfiguration;
			buildSettings = {
				ALWAYS_SEARCH_USER_PATHS = NO;
				CLANG_CXX_LANGUAGE_STANDARD = "gnu++0x";
				CLANG_CXX_LIBRARY = "libc++";
				CLANG_ENABLE_MODULES = YES;
				CLANG_ENABLE_OBJC_ARC = YES;
				CLANG_WARN_BOOL_CONVERSION = YES;
				CLANG_WARN_CONSTANT_CONVERSION = YES;
				CLANG_WARN_DIRECT_OBJC_ISA_USAGE = YES_ERROR;
				CLANG_WARN_EMPTY_BODY = YES;
				CLANG_WARN_ENUM_CONVERSION = YES;
				CLANG_WARN_INT_CONVERSION = YES;
				CLANG_WARN_OBJC_ROOT_CLASS = YES_ERROR;
				CLANG_WARN_UNREACHABLE_CODE = YES;
				CLANG_WARN__DUPLICATE_METHOD_MATCH = YES;
				"CODE_SIGN_IDENTITY[sdk=iphoneos*]" = "iPhone Developer";
				COPY_PHASE_STRIP = NO;
				DEBUG_INFORMATION_FORMAT = "dwarf-with-dsym";
				ENABLE_NS_ASSERTIONS = NO;
				ENABLE_STRICT_OBJC_MSGSEND = YES;
				GCC_C_LANGUAGE_STANDARD = gnu99;
				GCC_NO_COMMON_BLOCKS = YES;
				GCC_WARN_64_TO_32_BIT_CONVERSION = YES;
				GCC_WARN_ABOUT_RETURN_TYPE = YES_ERROR;
				GCC_WARN_UNDECLARED_SELECTOR = YES;
				GCC_WARN_UNINITIALIZED_AUTOS = YES_AGGRESSIVE;
				GCC_WARN_UNUSED_FUNCTION = YES;
				GCC_WARN_UNUSED_VARIABLE = YES;
				IPHONEOS_DEPLOYMENT_TARGET = 9.1;
				MTL_ENABLE_DEBUG_INFO = NO;
				SDKROOT = iphoneos;
				VALIDATE_PRODUCT = YES;
			};
			name = Release;
		};
		696E14711C10825D00F64A87 /* Debug */ = {
			isa = XCBuildConfiguration;
			buildSettings = {
				ASSETCATALOG_COMPILER_APPICON_NAME = AppIcon;
				INFOPLIST_FILE = TestApp2/Info.plist;
				IPHONEOS_DEPLOYMENT_TARGET = 8.0;
				LD_RUNPATH_SEARCH_PATHS = "$(inherited) @executable_path/Frameworks";
				PRODUCT_BUNDLE_IDENTIFIER = com.huangyibiao.TestApp2;
				PRODUCT_NAME = "$(TARGET_NAME)";
			};
			name = Debug;
		};
		696E14721C10825D00F64A87 /* Release */ = {
			isa = XCBuildConfiguration;
			buildSettings = {
				ASSETCATALOG_COMPILER_APPICON_NAME = AppIcon;
				INFOPLIST_FILE = TestApp2/Info.plist;
				IPHONEOS_DEPLOYMENT_TARGET = 8.0;
				LD_RUNPATH_SEARCH_PATHS = "$(inherited) @executable_path/Frameworks";
				PRODUCT_BUNDLE_IDENTIFIER = com.huangyibiao.TestApp2;
				PRODUCT_NAME = "$(TARGET_NAME)";
			};
			name = Release;
		};
		696E14741C10825D00F64A87 /* Debug */ = {
			isa = XCBuildConfiguration;
			buildSettings = {
				BUNDLE_LOADER = "$(TEST_HOST)";
				INFOPLIST_FILE = TestApp2Tests/Info.plist;
				LD_RUNPATH_SEARCH_PATHS = "$(inherited) @executable_path/Frameworks @loader_path/Frameworks";
				PRODUCT_BUNDLE_IDENTIFIER = com.huangyibiao.TestApp2Tests;
				PRODUCT_NAME = "$(TARGET_NAME)";
				TEST_HOST = "$(BUILT_PRODUCTS_DIR)/TestApp2.app/TestApp2";
			};
			name = Debug;
		};
		696E14751C10825D00F64A87 /* Release */ = {
			isa = XCBuildConfiguration;
			buildSettings = {
				BUNDLE_LOADER = "$(TEST_HOST)";
				INFOPLIST_FILE = TestApp2Tests/Info.plist;
				LD_RUNPATH_SEARCH_PATHS = "$(inherited) @executable_path/Frameworks @loader_path/Frameworks";
				PRODUCT_BUNDLE_IDENTIFIER = com.huangyibiao.TestApp2Tests;
				PRODUCT_NAME = "$(TARGET_NAME)";
				TEST_HOST = "$(BUILT_PRODUCTS_DIR)/TestApp2.app/TestApp2";
			};
			name = Release;
		};
		696E14771C10825D00F64A87 /* Debug */ = {
			isa = XCBuildConfiguration;
			buildSettings = {
				INFOPLIST_FILE = TestApp2UITests/Info.plist;
				LD_RUNPATH_SEARCH_PATHS = "$(inherited) @executable_path/Frameworks @loader_path/Frameworks";
				PRODUCT_BUNDLE_IDENTIFIER = com.huangyibiao.TestApp2UITests;
				PRODUCT_NAME = "$(TARGET_NAME)";
				TEST_TARGET_NAME = TestApp2;
				USES_XCTRUNNER = YES;
			};
			name = Debug;
		};
		696E14781C10825D00F64A87 /* Release */ = {
			isa = XCBuildConfiguration;
			buildSettings = {
				INFOPLIST_FILE = TestApp2UITests/Info.plist;
				LD_RUNPATH_SEARCH_PATHS = "$(inherited) @executable_path/Frameworks @loader_path/Frameworks";
				PRODUCT_BUNDLE_IDENTIFIER = com.huangyibiao.TestApp2UITests;
				PRODUCT_NAME = "$(TARGET_NAME)";
				TEST_TARGET_NAME = TestApp2;
				USES_XCTRUNNER = YES;
			};
			name = Release;
		};
/* End XCBuildConfiguration section */

/* Begin XCConfigurationList section */
		696E143E1C10825D00F64A87 /* Build configuration list for PBXProject "TestApp2" */ = {
			isa = XCConfigurationList;
			buildConfigurations = (
				696E146E1C10825D00F64A87 /* Debug */,
				696E146F1C10825D00F64A87 /* Release */,
			);
			defaultConfigurationIsVisible = 0;
			defaultConfigurationName = Release;
		};
		696E14701C10825D00F64A87 /* Build configuration list for PBXNativeTarget "TestApp2" */ = {
			isa = XCConfigurationList;
			buildConfigurations = (
				696E14711C10825D00F64A87 /* Debug */,
				696E14721C10825D00F64A87 /* Release */,
			);
			defaultConfigurationIsVisible = 0;
		};
		696E14731C10825D00F64A87 /* Build configuration list for PBXNativeTarget "TestApp2Tests" */ = {
			isa = XCConfigurationList;
			buildConfigurations = (
				696E14741C10825D00F64A87 /* Debug */,
				696E14751C10825D00F64A87 /* Release */,
			);
			defaultConfigurationIsVisible = 0;
		};
		696E14761C10825D00F64A87 /* Build configuration list for PBXNativeTarget "TestApp2UITests" */ = {
			isa = XCConfigurationList;
			buildConfigurations = (
				696E14771C10825D00F64A87 /* Debug */,
				696E14781C10825D00F64A87 /* Release */,
			);
			defaultConfigurationIsVisible = 0;
		};
/* End XCConfigurationList section */
	};
	rootObject = 696E143B1C10825D00F64A87 /* Project object */;
}
